// !$*UTF8*$!
{
	archiveVersion = 1;
	classes = {
	};
	objectVersion = 50;
	objects = {

/* Begin PBXBuildFile section */
		7BAF921C22BACE8F00A94910 /* AppDelegate.swift in Sources */ = {isa = PBXBuildFile; fileRef = 7BAF921B22BACE8F00A94910 /* AppDelegate.swift */; };
		7BAF921E22BACE8F00A94910 /* Assets.xcassets in Resources */ = {isa = PBXBuildFile; fileRef = 7BAF921D22BACE8F00A94910 /* Assets.xcassets */; };
		7BAF922122BACE8F00A94910 /* MainMenu.xib in Resources */ = {isa = PBXBuildFile; fileRef = 7BAF921F22BACE8F00A94910 /* MainMenu.xib */; };
		7BAF922D22BACE8F00A94910 /* stokepile_runnerTests.swift in Sources */ = {isa = PBXBuildFile; fileRef = 7BAF922C22BACE8F00A94910 /* stokepile_runnerTests.swift */; };
		7BAF923822BACE8F00A94910 /* stokepile_runnerUITests.swift in Sources */ = {isa = PBXBuildFile; fileRef = 7BAF923722BACE8F00A94910 /* stokepile_runnerUITests.swift */; };
		7BB8479822C2958800C21C64 /* Security.framework in Frameworks */ = {isa = PBXBuildFile; fileRef = 7BB8479722C2958800C21C64 /* Security.framework */; };
		7BB8479A22C295AC00C21C64 /* libusb-1.0.0.dylib in Frameworks */ = {isa = PBXBuildFile; fileRef = 7BB8479922C295AC00C21C64 /* libusb-1.0.0.dylib */; };
		7BB8479B22C345B100C21C64 /* libusb-1.0.0.dylib in Resources */ = {isa = PBXBuildFile; fileRef = 7BB8479922C295AC00C21C64 /* libusb-1.0.0.dylib */; };
		7BB8479D22C345D100C21C64 /* runner in Resources */ = {isa = PBXBuildFile; fileRef = 7BB8479C22C345D100C21C64 /* runner */; };
/* End PBXBuildFile section */

/* Begin PBXContainerItemProxy section */
		7BAF922922BACE8F00A94910 /* PBXContainerItemProxy */ = {
			isa = PBXContainerItemProxy;
			containerPortal = 7BAF921022BACE8F00A94910 /* Project object */;
			proxyType = 1;
			remoteGlobalIDString = 7BAF921722BACE8F00A94910;
			remoteInfo = "stokepile-runner";
		};
		7BAF923422BACE8F00A94910 /* PBXContainerItemProxy */ = {
			isa = PBXContainerItemProxy;
			containerPortal = 7BAF921022BACE8F00A94910 /* Project object */;
			proxyType = 1;
			remoteGlobalIDString = 7BAF921722BACE8F00A94910;
			remoteInfo = "stokepile-runner";
		};
/* End PBXContainerItemProxy section */

/* Begin PBXFileReference section */
		7BAF921822BACE8F00A94910 /* stokepile-runner.app */ = {isa = PBXFileReference; explicitFileType = wrapper.application; includeInIndex = 0; path = "stokepile-runner.app"; sourceTree = BUILT_PRODUCTS_DIR; };
		7BAF921B22BACE8F00A94910 /* AppDelegate.swift */ = {isa = PBXFileReference; lastKnownFileType = sourcecode.swift; path = AppDelegate.swift; sourceTree = "<group>"; };
		7BAF921D22BACE8F00A94910 /* Assets.xcassets */ = {isa = PBXFileReference; lastKnownFileType = folder.assetcatalog; path = Assets.xcassets; sourceTree = "<group>"; };
		7BAF922022BACE8F00A94910 /* Base */ = {isa = PBXFileReference; lastKnownFileType = file.xib; name = Base; path = Base.lproj/MainMenu.xib; sourceTree = "<group>"; };
		7BAF922222BACE8F00A94910 /* Info.plist */ = {isa = PBXFileReference; lastKnownFileType = text.plist.xml; path = Info.plist; sourceTree = "<group>"; };
		7BAF922322BACE8F00A94910 /* stokepile_runner.entitlements */ = {isa = PBXFileReference; lastKnownFileType = text.plist.entitlements; path = stokepile_runner.entitlements; sourceTree = "<group>"; };
		7BAF922822BACE8F00A94910 /* stokepile-runnerTests.xctest */ = {isa = PBXFileReference; explicitFileType = wrapper.cfbundle; includeInIndex = 0; path = "stokepile-runnerTests.xctest"; sourceTree = BUILT_PRODUCTS_DIR; };
		7BAF922C22BACE8F00A94910 /* stokepile_runnerTests.swift */ = {isa = PBXFileReference; lastKnownFileType = sourcecode.swift; path = stokepile_runnerTests.swift; sourceTree = "<group>"; };
		7BAF922E22BACE8F00A94910 /* Info.plist */ = {isa = PBXFileReference; lastKnownFileType = text.plist.xml; path = Info.plist; sourceTree = "<group>"; };
		7BAF923322BACE8F00A94910 /* stokepile-runnerUITests.xctest */ = {isa = PBXFileReference; explicitFileType = wrapper.cfbundle; includeInIndex = 0; path = "stokepile-runnerUITests.xctest"; sourceTree = BUILT_PRODUCTS_DIR; };
		7BAF923722BACE8F00A94910 /* stokepile_runnerUITests.swift */ = {isa = PBXFileReference; lastKnownFileType = sourcecode.swift; path = stokepile_runnerUITests.swift; sourceTree = "<group>"; };
		7BAF923922BACE8F00A94910 /* Info.plist */ = {isa = PBXFileReference; lastKnownFileType = text.plist.xml; path = Info.plist; sourceTree = "<group>"; };
		7BB8479722C2958800C21C64 /* Security.framework */ = {isa = PBXFileReference; lastKnownFileType = wrapper.framework; name = Security.framework; path = System/Library/Frameworks/Security.framework; sourceTree = SDKROOT; };
		7BB8479922C295AC00C21C64 /* libusb-1.0.0.dylib */ = {isa = PBXFileReference; lastKnownFileType = "compiled.mach-o.dylib"; name = "libusb-1.0.0.dylib"; path = "../../../../../usr/local/Cellar/libusb/1.0.22/lib/libusb-1.0.0.dylib"; sourceTree = "<group>"; };
		7BB8479C22C345D100C21C64 /* runner */ = {isa = PBXFileReference; lastKnownFileType = "compiled.mach-o.executable"; name = runner; path = stokepile/target/release/runner; sourceTree = "<group>"; };
/* End PBXFileReference section */

/* Begin PBXFrameworksBuildPhase section */
		7BAF921522BACE8F00A94910 /* Frameworks */ = {
			isa = PBXFrameworksBuildPhase;
			buildActionMask = 2147483647;
			files = (
				7BB8479822C2958800C21C64 /* Security.framework in Frameworks */,
				7BB8479A22C295AC00C21C64 /* libusb-1.0.0.dylib in Frameworks */,
			);
			runOnlyForDeploymentPostprocessing = 0;
		};
		7BAF922522BACE8F00A94910 /* Frameworks */ = {
			isa = PBXFrameworksBuildPhase;
			buildActionMask = 2147483647;
			files = (
			);
			runOnlyForDeploymentPostprocessing = 0;
		};
		7BAF923022BACE8F00A94910 /* Frameworks */ = {
			isa = PBXFrameworksBuildPhase;
			buildActionMask = 2147483647;
			files = (
			);
			runOnlyForDeploymentPostprocessing = 0;
		};
/* End PBXFrameworksBuildPhase section */

/* Begin PBXGroup section */
		7BAF920F22BACE8F00A94910 = {
			isa = PBXGroup;
			children = (
				7BB8479C22C345D100C21C64 /* runner */,
				7BAF921A22BACE8F00A94910 /* stokepile-runner */,
				7BAF922B22BACE8F00A94910 /* stokepile-runnerTests */,
				7BAF923622BACE8F00A94910 /* stokepile-runnerUITests */,
				7BAF921922BACE8F00A94910 /* Products */,
				7BB8479622C2958800C21C64 /* Frameworks */,
			);
			sourceTree = "<group>";
		};
		7BAF921922BACE8F00A94910 /* Products */ = {
			isa = PBXGroup;
			children = (
				7BAF921822BACE8F00A94910 /* stokepile-runner.app */,
				7BAF922822BACE8F00A94910 /* stokepile-runnerTests.xctest */,
				7BAF923322BACE8F00A94910 /* stokepile-runnerUITests.xctest */,
			);
			name = Products;
			sourceTree = "<group>";
		};
		7BAF921A22BACE8F00A94910 /* stokepile-runner */ = {
			isa = PBXGroup;
			children = (
				7BAF921B22BACE8F00A94910 /* AppDelegate.swift */,
				7BAF921D22BACE8F00A94910 /* Assets.xcassets */,
				7BAF921F22BACE8F00A94910 /* MainMenu.xib */,
				7BAF922222BACE8F00A94910 /* Info.plist */,
				7BAF922322BACE8F00A94910 /* stokepile_runner.entitlements */,
			);
			path = "stokepile-runner";
			sourceTree = "<group>";
		};
		7BAF922B22BACE8F00A94910 /* stokepile-runnerTests */ = {
			isa = PBXGroup;
			children = (
				7BAF922C22BACE8F00A94910 /* stokepile_runnerTests.swift */,
				7BAF922E22BACE8F00A94910 /* Info.plist */,
			);
			path = "stokepile-runnerTests";
			sourceTree = "<group>";
		};
		7BAF923622BACE8F00A94910 /* stokepile-runnerUITests */ = {
			isa = PBXGroup;
			children = (
				7BAF923722BACE8F00A94910 /* stokepile_runnerUITests.swift */,
				7BAF923922BACE8F00A94910 /* Info.plist */,
			);
			path = "stokepile-runnerUITests";
			sourceTree = "<group>";
		};
		7BB8479622C2958800C21C64 /* Frameworks */ = {
			isa = PBXGroup;
			children = (
				7BB8479922C295AC00C21C64 /* libusb-1.0.0.dylib */,
				7BB8479722C2958800C21C64 /* Security.framework */,
			);
			name = Frameworks;
			sourceTree = "<group>";
		};
/* End PBXGroup section */

/* Begin PBXNativeTarget section */
		7BAF921722BACE8F00A94910 /* stokepile-runner */ = {
			isa = PBXNativeTarget;
			buildConfigurationList = 7BAF923C22BACE8F00A94910 /* Build configuration list for PBXNativeTarget "stokepile-runner" */;
			buildPhases = (
				7BAF921422BACE8F00A94910 /* Sources */,
				7BAF921522BACE8F00A94910 /* Frameworks */,
				7BB8479522C1D34F00C21C64 /* Build stokepile */,
				7BAF921622BACE8F00A94910 /* Resources */,
			);
			buildRules = (
			);
			dependencies = (
			);
			name = "stokepile-runner";
			productName = "stokepile-runner";
			productReference = 7BAF921822BACE8F00A94910 /* stokepile-runner.app */;
			productType = "com.apple.product-type.application";
		};
		7BAF922722BACE8F00A94910 /* stokepile-runnerTests */ = {
			isa = PBXNativeTarget;
			buildConfigurationList = 7BAF923F22BACE8F00A94910 /* Build configuration list for PBXNativeTarget "stokepile-runnerTests" */;
			buildPhases = (
				7BAF922422BACE8F00A94910 /* Sources */,
				7BAF922522BACE8F00A94910 /* Frameworks */,
				7BAF922622BACE8F00A94910 /* Resources */,
			);
			buildRules = (
			);
			dependencies = (
				7BAF922A22BACE8F00A94910 /* PBXTargetDependency */,
			);
			name = "stokepile-runnerTests";
			productName = "stokepile-runnerTests";
			productReference = 7BAF922822BACE8F00A94910 /* stokepile-runnerTests.xctest */;
			productType = "com.apple.product-type.bundle.unit-test";
		};
		7BAF923222BACE8F00A94910 /* stokepile-runnerUITests */ = {
			isa = PBXNativeTarget;
			buildConfigurationList = 7BAF924222BACE8F00A94910 /* Build configuration list for PBXNativeTarget "stokepile-runnerUITests" */;
			buildPhases = (
				7BAF922F22BACE8F00A94910 /* Sources */,
				7BAF923022BACE8F00A94910 /* Frameworks */,
				7BAF923122BACE8F00A94910 /* Resources */,
			);
			buildRules = (
			);
			dependencies = (
				7BAF923522BACE8F00A94910 /* PBXTargetDependency */,
			);
			name = "stokepile-runnerUITests";
			productName = "stokepile-runnerUITests";
			productReference = 7BAF923322BACE8F00A94910 /* stokepile-runnerUITests.xctest */;
			productType = "com.apple.product-type.bundle.ui-testing";
		};
/* End PBXNativeTarget section */

/* Begin PBXProject section */
		7BAF921022BACE8F00A94910 /* Project object */ = {
			isa = PBXProject;
			attributes = {
				LastSwiftUpdateCheck = 1020;
				LastUpgradeCheck = 1020;
				ORGANIZATIONNAME = "richö butts";
				TargetAttributes = {
					7BAF921722BACE8F00A94910 = {
						CreatedOnToolsVersion = 10.2.1;
					};
					7BAF922722BACE8F00A94910 = {
						CreatedOnToolsVersion = 10.2.1;
						TestTargetID = 7BAF921722BACE8F00A94910;
					};
					7BAF923222BACE8F00A94910 = {
						CreatedOnToolsVersion = 10.2.1;
						TestTargetID = 7BAF921722BACE8F00A94910;
					};
				};
			};
			buildConfigurationList = 7BAF921322BACE8F00A94910 /* Build configuration list for PBXProject "stokepile-runner" */;
			compatibilityVersion = "Xcode 9.3";
			developmentRegion = en;
			hasScannedForEncodings = 0;
			knownRegions = (
				en,
				Base,
			);
			mainGroup = 7BAF920F22BACE8F00A94910;
			productRefGroup = 7BAF921922BACE8F00A94910 /* Products */;
			projectDirPath = "";
			projectRoot = "";
			targets = (
				7BAF921722BACE8F00A94910 /* stokepile-runner */,
				7BAF922722BACE8F00A94910 /* stokepile-runnerTests */,
				7BAF923222BACE8F00A94910 /* stokepile-runnerUITests */,
			);
		};
/* End PBXProject section */

/* Begin PBXResourcesBuildPhase section */
		7BAF921622BACE8F00A94910 /* Resources */ = {
			isa = PBXResourcesBuildPhase;
			buildActionMask = 2147483647;
			files = (
				7BB8479D22C345D100C21C64 /* runner in Resources */,
				7BB8479B22C345B100C21C64 /* libusb-1.0.0.dylib in Resources */,
				7BAF921E22BACE8F00A94910 /* Assets.xcassets in Resources */,
				7BAF922122BACE8F00A94910 /* MainMenu.xib in Resources */,
			);
			runOnlyForDeploymentPostprocessing = 0;
		};
		7BAF922622BACE8F00A94910 /* Resources */ = {
			isa = PBXResourcesBuildPhase;
			buildActionMask = 2147483647;
			files = (
			);
			runOnlyForDeploymentPostprocessing = 0;
		};
		7BAF923122BACE8F00A94910 /* Resources */ = {
			isa = PBXResourcesBuildPhase;
			buildActionMask = 2147483647;
			files = (
			);
			runOnlyForDeploymentPostprocessing = 0;
		};
/* End PBXResourcesBuildPhase section */

/* Begin PBXShellScriptBuildPhase section */
		7BB8479522C1D34F00C21C64 /* Build stokepile */ = {
			isa = PBXShellScriptBuildPhase;
			buildActionMask = 2147483647;
			files = (
			);
			inputFileListPaths = (
			);
			inputPaths = (
			);
			name = "Build stokepile";
			outputFileListPaths = (
			);
			outputPaths = (
				"$(DERIVED_FILE_DIR)/target/release/stokepile-0.1.0",
			);
			runOnlyForDeploymentPostprocessing = 0;
			shellPath = /bin/sh;
			shellScript = "LIBUSB_PATH=\"/usr/local/opt/libusb/lib/libusb-1.0.0.dylib\"\n\nif [ ! -d stokepile ]; then\n    git clone git://github.com/richo/stokepile.git\nfi\nif [ ! -f $LIBUSB_PATH ]; then\n    echo \"error: Build system requires libusb. try `brew install libusb`\"\n    exit 1\nfi\n\ncd stokepile\ngit fetch\ngit merge --ff-only origin/master\n/Users/${USER}/.cargo/bin/cargo build --release\n";
		};
/* End PBXShellScriptBuildPhase section */

/* Begin PBXSourcesBuildPhase section */
		7BAF921422BACE8F00A94910 /* Sources */ = {
			isa = PBXSourcesBuildPhase;
			buildActionMask = 2147483647;
			files = (
				7BAF921C22BACE8F00A94910 /* AppDelegate.swift in Sources */,
			);
			runOnlyForDeploymentPostprocessing = 0;
		};
		7BAF922422BACE8F00A94910 /* Sources */ = {
			isa = PBXSourcesBuildPhase;
			buildActionMask = 2147483647;
			files = (
				7BAF922D22BACE8F00A94910 /* stokepile_runnerTests.swift in Sources */,
			);
			runOnlyForDeploymentPostprocessing = 0;
		};
		7BAF922F22BACE8F00A94910 /* Sources */ = {
			isa = PBXSourcesBuildPhase;
			buildActionMask = 2147483647;
			files = (
				7BAF923822BACE8F00A94910 /* stokepile_runnerUITests.swift in Sources */,
			);
			runOnlyForDeploymentPostprocessing = 0;
		};
/* End PBXSourcesBuildPhase section */

/* Begin PBXTargetDependency section */
		7BAF922A22BACE8F00A94910 /* PBXTargetDependency */ = {
			isa = PBXTargetDependency;
			target = 7BAF921722BACE8F00A94910 /* stokepile-runner */;
			targetProxy = 7BAF922922BACE8F00A94910 /* PBXContainerItemProxy */;
		};
		7BAF923522BACE8F00A94910 /* PBXTargetDependency */ = {
			isa = PBXTargetDependency;
			target = 7BAF921722BACE8F00A94910 /* stokepile-runner */;
			targetProxy = 7BAF923422BACE8F00A94910 /* PBXContainerItemProxy */;
		};
/* End PBXTargetDependency section */

/* Begin PBXVariantGroup section */
		7BAF921F22BACE8F00A94910 /* MainMenu.xib */ = {
			isa = PBXVariantGroup;
			children = (
				7BAF922022BACE8F00A94910 /* Base */,
			);
			name = MainMenu.xib;
			sourceTree = "<group>";
		};
/* End PBXVariantGroup section */

/* Begin XCBuildConfiguration section */
		7BAF923A22BACE8F00A94910 /* Debug */ = {
			isa = XCBuildConfiguration;
			buildSettings = {
				ALWAYS_SEARCH_USER_PATHS = NO;
				CLANG_ANALYZER_NONNULL = YES;
				CLANG_ANALYZER_NUMBER_OBJECT_CONVERSION = YES_AGGRESSIVE;
				CLANG_CXX_LANGUAGE_STANDARD = "gnu++14";
				CLANG_CXX_LIBRARY = "libc++";
				CLANG_ENABLE_MODULES = YES;
				CLANG_ENABLE_OBJC_ARC = YES;
				CLANG_ENABLE_OBJC_WEAK = YES;
				CLANG_WARN_BLOCK_CAPTURE_AUTORELEASING = YES;
				CLANG_WARN_BOOL_CONVERSION = YES;
				CLANG_WARN_COMMA = YES;
				CLANG_WARN_CONSTANT_CONVERSION = YES;
				CLANG_WARN_DEPRECATED_OBJC_IMPLEMENTATIONS = YES;
				CLANG_WARN_DIRECT_OBJC_ISA_USAGE = YES_ERROR;
				CLANG_WARN_DOCUMENTATION_COMMENTS = YES;
				CLANG_WARN_EMPTY_BODY = YES;
				CLANG_WARN_ENUM_CONVERSION = YES;
				CLANG_WARN_INFINITE_RECURSION = YES;
				CLANG_WARN_INT_CONVERSION = YES;
				CLANG_WARN_NON_LITERAL_NULL_CONVERSION = YES;
				CLANG_WARN_OBJC_IMPLICIT_RETAIN_SELF = YES;
				CLANG_WARN_OBJC_LITERAL_CONVERSION = YES;
				CLANG_WARN_OBJC_ROOT_CLASS = YES_ERROR;
				CLANG_WARN_RANGE_LOOP_ANALYSIS = YES;
				CLANG_WARN_STRICT_PROTOTYPES = YES;
				CLANG_WARN_SUSPICIOUS_MOVE = YES;
				CLANG_WARN_UNGUARDED_AVAILABILITY = YES_AGGRESSIVE;
				CLANG_WARN_UNREACHABLE_CODE = YES;
				CLANG_WARN__DUPLICATE_METHOD_MATCH = YES;
				CODE_SIGN_IDENTITY = "Mac Developer";
				COPY_PHASE_STRIP = NO;
				DEBUG_INFORMATION_FORMAT = dwarf;
				ENABLE_STRICT_OBJC_MSGSEND = YES;
				ENABLE_TESTABILITY = YES;
				GCC_C_LANGUAGE_STANDARD = gnu11;
				GCC_DYNAMIC_NO_PIC = NO;
				GCC_NO_COMMON_BLOCKS = YES;
				GCC_OPTIMIZATION_LEVEL = 0;
				GCC_PREPROCESSOR_DEFINITIONS = (
					"DEBUG=1",
					"$(inherited)",
				);
				GCC_WARN_64_TO_32_BIT_CONVERSION = YES;
				GCC_WARN_ABOUT_RETURN_TYPE = YES_ERROR;
				GCC_WARN_UNDECLARED_SELECTOR = YES;
				GCC_WARN_UNINITIALIZED_AUTOS = YES_AGGRESSIVE;
				GCC_WARN_UNUSED_FUNCTION = YES;
				GCC_WARN_UNUSED_VARIABLE = YES;
				MACOSX_DEPLOYMENT_TARGET = 10.14;
				MTL_ENABLE_DEBUG_INFO = INCLUDE_SOURCE;
				MTL_FAST_MATH = YES;
				ONLY_ACTIVE_ARCH = YES;
				SDKROOT = macosx;
				SWIFT_ACTIVE_COMPILATION_CONDITIONS = DEBUG;
				SWIFT_OPTIMIZATION_LEVEL = "-Onone";
			};
			name = Debug;
		};
		7BAF923B22BACE8F00A94910 /* Release */ = {
			isa = XCBuildConfiguration;
			buildSettings = {
				ALWAYS_SEARCH_USER_PATHS = NO;
				CLANG_ANALYZER_NONNULL = YES;
				CLANG_ANALYZER_NUMBER_OBJECT_CONVERSION = YES_AGGRESSIVE;
				CLANG_CXX_LANGUAGE_STANDARD = "gnu++14";
				CLANG_CXX_LIBRARY = "libc++";
				CLANG_ENABLE_MODULES = YES;
				CLANG_ENABLE_OBJC_ARC = YES;
				CLANG_ENABLE_OBJC_WEAK = YES;
				CLANG_WARN_BLOCK_CAPTURE_AUTORELEASING = YES;
				CLANG_WARN_BOOL_CONVERSION = YES;
				CLANG_WARN_COMMA = YES;
				CLANG_WARN_CONSTANT_CONVERSION = YES;
				CLANG_WARN_DEPRECATED_OBJC_IMPLEMENTATIONS = YES;
				CLANG_WARN_DIRECT_OBJC_ISA_USAGE = YES_ERROR;
				CLANG_WARN_DOCUMENTATION_COMMENTS = YES;
				CLANG_WARN_EMPTY_BODY = YES;
				CLANG_WARN_ENUM_CONVERSION = YES;
				CLANG_WARN_INFINITE_RECURSION = YES;
				CLANG_WARN_INT_CONVERSION = YES;
				CLANG_WARN_NON_LITERAL_NULL_CONVERSION = YES;
				CLANG_WARN_OBJC_IMPLICIT_RETAIN_SELF = YES;
				CLANG_WARN_OBJC_LITERAL_CONVERSION = YES;
				CLANG_WARN_OBJC_ROOT_CLASS = YES_ERROR;
				CLANG_WARN_RANGE_LOOP_ANALYSIS = YES;
				CLANG_WARN_STRICT_PROTOTYPES = YES;
				CLANG_WARN_SUSPICIOUS_MOVE = YES;
				CLANG_WARN_UNGUARDED_AVAILABILITY = YES_AGGRESSIVE;
				CLANG_WARN_UNREACHABLE_CODE = YES;
				CLANG_WARN__DUPLICATE_METHOD_MATCH = YES;
				CODE_SIGN_IDENTITY = "Mac Developer";
				COPY_PHASE_STRIP = NO;
				DEBUG_INFORMATION_FORMAT = "dwarf-with-dsym";
				ENABLE_NS_ASSERTIONS = NO;
				ENABLE_STRICT_OBJC_MSGSEND = YES;
				GCC_C_LANGUAGE_STANDARD = gnu11;
				GCC_NO_COMMON_BLOCKS = YES;
				GCC_WARN_64_TO_32_BIT_CONVERSION = YES;
				GCC_WARN_ABOUT_RETURN_TYPE = YES_ERROR;
				GCC_WARN_UNDECLARED_SELECTOR = YES;
				GCC_WARN_UNINITIALIZED_AUTOS = YES_AGGRESSIVE;
				GCC_WARN_UNUSED_FUNCTION = YES;
				GCC_WARN_UNUSED_VARIABLE = YES;
				MACOSX_DEPLOYMENT_TARGET = 10.14;
				MTL_ENABLE_DEBUG_INFO = NO;
				MTL_FAST_MATH = YES;
				SDKROOT = macosx;
				SWIFT_COMPILATION_MODE = wholemodule;
				SWIFT_OPTIMIZATION_LEVEL = "-O";
			};
			name = Release;
		};
		7BAF923D22BACE8F00A94910 /* Debug */ = {
			isa = XCBuildConfiguration;
			buildSettings = {
				ASSETCATALOG_COMPILER_APPICON_NAME = AppIcon;
				CODE_SIGN_ENTITLEMENTS = "stokepile-runner/stokepile_runner.entitlements";
				CODE_SIGN_STYLE = Automatic;
				COMBINE_HIDPI_IMAGES = YES;
				DEVELOPMENT_TEAM = S93SSHN8SD;
				INFOPLIST_FILE = "stokepile-runner/Info.plist";
				LD_RUNPATH_SEARCH_PATHS = (
					"$(inherited)",
					"@executable_path/../Frameworks",
				);
				LIBRARY_SEARCH_PATHS = (
					"$(inherited)",
					/usr/local/Cellar/libusb/1.0.22/lib,
				);
				PRODUCT_BUNDLE_IDENTIFIER = "psych0tik.net.stokepile-runner";
				PRODUCT_NAME = "$(TARGET_NAME)";
				SWIFT_VERSION = 5.0;
			};
			name = Debug;
		};
		7BAF923E22BACE8F00A94910 /* Release */ = {
			isa = XCBuildConfiguration;
			buildSettings = {
				ASSETCATALOG_COMPILER_APPICON_NAME = AppIcon;
				CODE_SIGN_ENTITLEMENTS = "stokepile-runner/stokepile_runner.entitlements";
				CODE_SIGN_STYLE = Automatic;
				COMBINE_HIDPI_IMAGES = YES;
				DEVELOPMENT_TEAM = S93SSHN8SD;
				INFOPLIST_FILE = "stokepile-runner/Info.plist";
				LD_RUNPATH_SEARCH_PATHS = (
					"$(inherited)",
					"@executable_path/../Frameworks",
				);
				LIBRARY_SEARCH_PATHS = (
					"$(inherited)",
					/usr/local/Cellar/libusb/1.0.22/lib,
				);
				PRODUCT_BUNDLE_IDENTIFIER = "psych0tik.net.stokepile-runner";
				PRODUCT_NAME = "$(TARGET_NAME)";
				SWIFT_VERSION = 5.0;
			};
			name = Release;
		};
		7BAF924022BACE8F00A94910 /* Debug */ = {
			isa = XCBuildConfiguration;
			buildSettings = {
				ALWAYS_EMBED_SWIFT_STANDARD_LIBRARIES = YES;
				BUNDLE_LOADER = "$(TEST_HOST)";
				CODE_SIGN_STYLE = Automatic;
				COMBINE_HIDPI_IMAGES = YES;
				DEVELOPMENT_TEAM = S93SSHN8SD;
				INFOPLIST_FILE = "stokepile-runnerTests/Info.plist";
				LD_RUNPATH_SEARCH_PATHS = (
					"$(inherited)",
					"@executable_path/../Frameworks",
					"@loader_path/../Frameworks",
				);
				PRODUCT_BUNDLE_IDENTIFIER = "psych0tik.net.stokepile-runnerTests";
				PRODUCT_NAME = "$(TARGET_NAME)";
				SWIFT_VERSION = 5.0;
				TEST_HOST = "$(BUILT_PRODUCTS_DIR)/stokepile-runner.app/Contents/MacOS/stokepile-runner";
			};
			name = Debug;
		};
		7BAF924122BACE8F00A94910 /* Release */ = {
			isa = XCBuildConfiguration;
			buildSettings = {
				ALWAYS_EMBED_SWIFT_STANDARD_LIBRARIES = YES;
				BUNDLE_LOADER = "$(TEST_HOST)";
				CODE_SIGN_STYLE = Automatic;
				COMBINE_HIDPI_IMAGES = YES;
				DEVELOPMENT_TEAM = S93SSHN8SD;
				INFOPLIST_FILE = "stokepile-runnerTests/Info.plist";
				LD_RUNPATH_SEARCH_PATHS = (
					"$(inherited)",
					"@executable_path/../Frameworks",
					"@loader_path/../Frameworks",
				);
				PRODUCT_BUNDLE_IDENTIFIER = "psych0tik.net.stokepile-runnerTests";
				PRODUCT_NAME = "$(TARGET_NAME)";
				SWIFT_VERSION = 5.0;
				TEST_HOST = "$(BUILT_PRODUCTS_DIR)/stokepile-runner.app/Contents/MacOS/stokepile-runner";
			};
			name = Release;
		};
		7BAF924322BACE8F00A94910 /* Debug */ = {
			isa = XCBuildConfiguration;
			buildSettings = {
				ALWAYS_EMBED_SWIFT_STANDARD_LIBRARIES = YES;
				CODE_SIGN_STYLE = Automatic;
				COMBINE_HIDPI_IMAGES = YES;
				DEVELOPMENT_TEAM = S93SSHN8SD;
				INFOPLIST_FILE = "stokepile-runnerUITests/Info.plist";
				LD_RUNPATH_SEARCH_PATHS = (
					"$(inherited)",
					"@executable_path/../Frameworks",
					"@loader_path/../Frameworks",
				);
				PRODUCT_BUNDLE_IDENTIFIER = "psych0tik.net.stokepile-runnerUITests";
				PRODUCT_NAME = "$(TARGET_NAME)";
				SWIFT_VERSION = 5.0;
				TEST_TARGET_NAME = "stokepile-runner";
			};
			name = Debug;
		};
		7BAF924422BACE8F00A94910 /* Release */ = {
			isa = XCBuildConfiguration;
			buildSettings = {
				ALWAYS_EMBED_SWIFT_STANDARD_LIBRARIES = YES;
				CODE_SIGN_STYLE = Automatic;
				COMBINE_HIDPI_IMAGES = YES;
				DEVELOPMENT_TEAM = S93SSHN8SD;
				INFOPLIST_FILE = "stokepile-runnerUITests/Info.plist";
				LD_RUNPATH_SEARCH_PATHS = (
					"$(inherited)",
					"@executable_path/../Frameworks",
					"@loader_path/../Frameworks",
				);
				PRODUCT_BUNDLE_IDENTIFIER = "psych0tik.net.stokepile-runnerUITests";
				PRODUCT_NAME = "$(TARGET_NAME)";
				SWIFT_VERSION = 5.0;
				TEST_TARGET_NAME = "stokepile-runner";
			};
			name = Release;
		};
/* End XCBuildConfiguration section */

/* Begin XCConfigurationList section */
		7BAF921322BACE8F00A94910 /* Build configuration list for PBXProject "stokepile-runner" */ = {
			isa = XCConfigurationList;
			buildConfigurations = (
				7BAF923A22BACE8F00A94910 /* Debug */,
				7BAF923B22BACE8F00A94910 /* Release */,
			);
			defaultConfigurationIsVisible = 0;
			defaultConfigurationName = Release;
		};
		7BAF923C22BACE8F00A94910 /* Build configuration list for PBXNativeTarget "stokepile-runner" */ = {
			isa = XCConfigurationList;
			buildConfigurations = (
				7BAF923D22BACE8F00A94910 /* Debug */,
				7BAF923E22BACE8F00A94910 /* Release */,
			);
			defaultConfigurationIsVisible = 0;
			defaultConfigurationName = Release;
		};
		7BAF923F22BACE8F00A94910 /* Build configuration list for PBXNativeTarget "stokepile-runnerTests" */ = {
			isa = XCConfigurationList;
			buildConfigurations = (
				7BAF924022BACE8F00A94910 /* Debug */,
				7BAF924122BACE8F00A94910 /* Release */,
			);
			defaultConfigurationIsVisible = 0;
			defaultConfigurationName = Release;
		};
		7BAF924222BACE8F00A94910 /* Build configuration list for PBXNativeTarget "stokepile-runnerUITests" */ = {
			isa = XCConfigurationList;
			buildConfigurations = (
				7BAF924322BACE8F00A94910 /* Debug */,
				7BAF924422BACE8F00A94910 /* Release */,
			);
			defaultConfigurationIsVisible = 0;
			defaultConfigurationName = Release;
		};
/* End XCConfigurationList section */
	};
	rootObject = 7BAF921022BACE8F00A94910 /* Project object */;
}
